
Microsoft Visual Studio Solution File, Format Version 12.00
# Visual Studio Version 16
VisualStudioVersion = 16.0.31624.102
MinimumVisualStudioVersion = 10.0.40219.1
Project("{FAE04EC0-301F-11D3-BF4B-00C04F79EFBC}") = "D'Anjolell_9_10", "D'Anjolell_9_10\D'Anjolell_9_10.csproj", "{048A9002-01F0-4BDE-9B45-04389308B817}"
EndProject
Global
	GlobalSection(SolutionConfigurationPlatforms) = preSolution
		Debug|Any CPU = Debug|Any CPU
		Release|Any CPU = Release|Any CPU
	EndGlobalSection
	GlobalSection(ProjectConfigurationPlatforms) = postSolution
		{048A9002-01F0-4BDE-9B45-04389308B817}.Debug|Any CPU.ActiveCfg = Debug|Any CPU
		{048A9002-01F0-4BDE-9B45-04389308B817}.Debug|Any CPU.Build.0 = Debug|Any CPU
		{048A9002-01F0-4BDE-9B45-04389308B817}.Release|Any CPU.ActiveCfg = Release|Any CPU
		{048A9002-01F0-4BDE-9B45-04389308B817}.Release|Any CPU.Build.0 = Release|Any CPU
	EndGlobalSection
	GlobalSection(SolutionProperties) = preSolution
		HideSolutionNode = FALSE
	EndGlobalSection
	GlobalSection(ExtensibilityGlobals) = postSolution
		SolutionGuid = {2500AA31-105B-4FB3-B3E5-B52541ECB403}
	EndGlobalSection
EndGlobal
